
Microsoft Visual Studio Solution File, Format Version 12.00
# Visual Studio Version 17
VisualStudioVersion = 17.0.31903.59
MinimumVisualStudioVersion = 10.0.40219.1
Project("{2150E333-8FDC-42A3-9474-1A3956D46DE8}") = "src", "src", "{BA47913E-DFA2-4BC7-9052-2F8E49916BDF}"
EndProject
Project("{FAE04EC0-301F-11D3-BF4B-00C04F79EFBC}") = "BuscadorNotas", "src\BuscadorNotas\BuscadorNotas.csproj", "{C20550A3-DD00-422B-82E3-36E5042E5A5A}"
EndProject
Project("{2150E333-8FDC-42A3-9474-1A3956D46DE8}") = "tests", "tests", "{06313E92-AD45-4F50-AB8F-9E05A0BA4F13}"
EndProject
Project("{FAE04EC0-301F-11D3-BF4B-00C04F79EFBC}") = "BuscadorNotas.Tests", "tests\BuscadorNotas.Tests\BuscadorNotas.Tests.csproj", "{B2A48523-94D6-44F3-9180-7135B7DE06D3}"
EndProject
Global
	GlobalSection(SolutionConfigurationPlatforms) = preSolution
		Debug|Any CPU = Debug|Any CPU
		Release|Any CPU = Release|Any CPU
	EndGlobalSection
	GlobalSection(SolutionProperties) = preSolution
		HideSolutionNode = FALSE
	EndGlobalSection
	GlobalSection(ProjectConfigurationPlatforms) = postSolution
		{C20550A3-DD00-422B-82E3-36E5042E5A5A}.Debug|Any CPU.ActiveCfg = Debug|Any CPU
		{C20550A3-DD00-422B-82E3-36E5042E5A5A}.Debug|Any CPU.Build.0 = Debug|Any CPU
		{C20550A3-DD00-422B-82E3-36E5042E5A5A}.Release|Any CPU.ActiveCfg = Release|Any CPU
		{C20550A3-DD00-422B-82E3-36E5042E5A5A}.Release|Any CPU.Build.0 = Release|Any CPU
		{B2A48523-94D6-44F3-9180-7135B7DE06D3}.Debug|Any CPU.ActiveCfg = Debug|Any CPU
		{B2A48523-94D6-44F3-9180-7135B7DE06D3}.Debug|Any CPU.Build.0 = Debug|Any CPU
		{B2A48523-94D6-44F3-9180-7135B7DE06D3}.Release|Any CPU.ActiveCfg = Release|Any CPU
		{B2A48523-94D6-44F3-9180-7135B7DE06D3}.Release|Any CPU.Build.0 = Release|Any CPU
	EndGlobalSection
	GlobalSection(NestedProjects) = preSolution
		{C20550A3-DD00-422B-82E3-36E5042E5A5A} = {BA47913E-DFA2-4BC7-9052-2F8E49916BDF}
		{B2A48523-94D6-44F3-9180-7135B7DE06D3} = {06313E92-AD45-4F50-AB8F-9E05A0BA4F13}
	EndGlobalSection
EndGlobal
